
Microsoft Visual Studio Solution File, Format Version 12.00
# Visual Studio 2015
Project("{FAE04EC0-301F-11D3-BF4B-00C04F79EFBC}") = "survival_shooter", "survival_shooter.csproj", "{5B21C323-EF83-359D-68A4-51E73B17D475}"
EndProject
Project("{FAE04EC0-301F-11D3-BF4B-00C04F79EFBC}") = "survival_shooter.Editor", "survival_shooter.Editor.csproj", "{4F18123F-2249-B965-0486-D524B9697F02}"
EndProject
Global
	GlobalSection(SolutionConfigurationPlatforms) = preSolution
		Debug|Any CPU = Debug|Any CPU
		Release|Any CPU = Release|Any CPU
	EndGlobalSection
	GlobalSection(ProjectConfigurationPlatforms) = postSolution
		{5B21C323-EF83-359D-68A4-51E73B17D475}.Debug|Any CPU.ActiveCfg = Debug|Any CPU
		{5B21C323-EF83-359D-68A4-51E73B17D475}.Debug|Any CPU.Build.0 = Debug|Any CPU
		{5B21C323-EF83-359D-68A4-51E73B17D475}.Release|Any CPU.ActiveCfg = Release|Any CPU
		{5B21C323-EF83-359D-68A4-51E73B17D475}.Release|Any CPU.Build.0 = Release|Any CPU
		{4F18123F-2249-B965-0486-D524B9697F02}.Debug|Any CPU.ActiveCfg = Debug|Any CPU
		{4F18123F-2249-B965-0486-D524B9697F02}.Debug|Any CPU.Build.0 = Debug|Any CPU
		{4F18123F-2249-B965-0486-D524B9697F02}.Release|Any CPU.ActiveCfg = Release|Any CPU
		{4F18123F-2249-B965-0486-D524B9697F02}.Release|Any CPU.Build.0 = Release|Any CPU
	EndGlobalSection
	GlobalSection(SolutionProperties) = preSolution
		HideSolutionNode = FALSE
	EndGlobalSection
EndGlobal
